
Microsoft Visual Studio Solution File, Format Version 12.00
# Visual Studio Version 17
VisualStudioVersion = 17.2.32516.85
MinimumVisualStudioVersion = 10.0.40219.1
Project("{FAE04EC0-301F-11D3-BF4B-00C04F79EFBC}") = "trabajo 6", "trabajo 6.csproj", "{0FEEC3A6-4F89-4D06-B8F8-33133EA3E0E2}"
EndProject
Global
	GlobalSection(SolutionConfigurationPlatforms) = preSolution
		Debug|Any CPU = Debug|Any CPU
		Release|Any CPU = Release|Any CPU
	EndGlobalSection
	GlobalSection(ProjectConfigurationPlatforms) = postSolution
		{0FEEC3A6-4F89-4D06-B8F8-33133EA3E0E2}.Debug|Any CPU.ActiveCfg = Debug|Any CPU
		{0FEEC3A6-4F89-4D06-B8F8-33133EA3E0E2}.Debug|Any CPU.Build.0 = Debug|Any CPU
		{0FEEC3A6-4F89-4D06-B8F8-33133EA3E0E2}.Release|Any CPU.ActiveCfg = Release|Any CPU
		{0FEEC3A6-4F89-4D06-B8F8-33133EA3E0E2}.Release|Any CPU.Build.0 = Release|Any CPU
	EndGlobalSection
	GlobalSection(SolutionProperties) = preSolution
		HideSolutionNode = FALSE
	EndGlobalSection
	GlobalSection(ExtensibilityGlobals) = postSolution
		SolutionGuid = {CF9B1F2E-320B-4224-B479-E35093C3F094}
	EndGlobalSection
EndGlobal
